github.com/ojlogic/GO/multi_module_shop/orders v0.0.0-20241222185529-cb862ee54257 h1:6LoCpLT8cAla1+tSa+GbYVw6CP2Ve3bsjlbY01GCLrA=
github.com/ojlogic/GO/multi_module_shop/orders v0.0.0-20241222185529-cb862ee54257/go.mod h1:v+9WIRqrtLK7BTIe5z+yAmnvItrHEVZicpwUr+u+AKQ=
github.com/ojlogic/GO/multi_module_shop/users v0.0.0-20241222184216-8bba1136fa62 h1:hkkbKa/rxhlPkMtBxL3XVp2TgtbeR0/h5rQTrc9PyAQ=
github.com/ojlogic/GO/multi_module_shop/users v0.0.0-20241222184216-8bba1136fa62/go.mod h1:OdtN5QIGOCfBXRn/UsWgvujH3MOI3mSXTo8z1GSxX0E=
